{
  "version": 4,
  "terraform_version": "1.14.6",
  "serial": 15,
  "lineage": "e94cdcfa-a85a-479b-7bd1-f7f96a6f03df",
  "outputs": {
    "port_forward_commands": {
      "value": "\n# Airflow UI (http://localhost:8080)\nkubectl port-forward svc/airflow-api-server 8080:8080 -n airflow\n\n# MinIO Console (http://localhost:9001)\nkubectl port-forward svc/minio-console 9001:9001 -n minio\n\n# MinIO API (http://localhost:9000)\nkubectl port-forward svc/minio 9000:9000 -n minio\n\n# Airbyte UI (http://localhost:8000)\nkubectl port-forward svc/airbyte-webapp 8000:8000 -n airbyte\n\n# Unity Catalog API (http://localhost:8070)\nkubectl port-forward svc/unity-catalog 8070:8080 -n unity-catalog\n\n",
      "type": "string"
    }
  },
  "resources": [
    {
      "module": "module.airbyte",
      "mode": "managed",
      "type": "helm_release",
      "name": "airbyte",
      "provider": "provider[\"registry.terraform.io/hashicorp/helm\"]",
      "instances": [
        {
          "status": "tainted",
          "schema_version": 1,
          "attributes": {
            "atomic": false,
            "chart": "airbyte",
            "cleanup_on_fail": false,
            "create_namespace": false,
            "dependency_update": false,
            "description": null,
            "devel": null,
            "disable_crd_hooks": false,
            "disable_openapi_validation": false,
            "disable_webhooks": false,
            "force_update": false,
            "id": "airbyte",
            "keyring": null,
            "lint": false,
            "manifest": null,
            "max_history": 0,
            "metadata": [
              {
                "app_version": "1.1.0",
                "chart": "airbyte",
                "first_deployed": 1772385564,
                "last_deployed": 1772385564,
                "name": "airbyte",
                "namespace": "airbyte",
                "notes": "1. Get the application URL by running these commands:\n  export POD_NAME=$(kubectl get pods --namespace airbyte -l \"app.kubernetes.io/name=webapp\" -o jsonpath=\"{.items[0].metadata.name}\")\n  export CONTAINER_PORT=$(kubectl get pod --namespace airbyte $POD_NAME -o jsonpath=\"{.spec.containers[0].ports[0].containerPort}\")\n  echo \"Visit http://127.0.0.1:8080 to use your application\"\n  kubectl --namespace airbyte port-forward $POD_NAME 8080:$CONTAINER_PORT\n",
                "revision": 1,
                "values": "{\"global\":{\"edition\":\"community\"},\"server\":{\"resources\":{\"requests\":{\"cpu\":\"100m\",\"memory\":\"256Mi\"}}},\"webapp\":{\"resources\":{\"requests\":{\"cpu\":\"100m\",\"memory\":\"256Mi\"}}}}",
                "version": "1.1.0"
              }
            ],
            "name": "airbyte",
            "namespace": "airbyte",
            "pass_credentials": false,
            "postrender": [],
            "recreate_pods": false,
            "render_subchart_notes": true,
            "replace": false,
            "repository": "https://airbytehq.github.io/helm-charts",
            "repository_ca_file": null,
            "repository_cert_file": null,
            "repository_key_file": null,
            "repository_password": null,
            "repository_username": null,
            "reset_values": false,
            "reuse_values": false,
            "set": [],
            "set_list": [],
            "set_sensitive": [],
            "skip_crds": false,
            "status": "failed",
            "timeout": 600,
            "upgrade_install": null,
            "values": [
              "global:\n  edition: community\n\nwebapp:\n  resources:\n    requests:\n      memory: \"256Mi\"\n      cpu: \"100m\"\n\nserver:\n  resources:\n    requests:\n      memory: \"256Mi\"\n      cpu: \"100m\"\n"
            ],
            "verify": false,
            "version": "1.1.0",
            "wait": true,
            "wait_for_jobs": false
          },
          "sensitive_attributes": [
            [
              {
                "type": "get_attr",
                "value": "repository_password"
              }
            ]
          ],
          "identity_schema_version": 0,
          "private": "eyJzY2hlbWFfdmVyc2lvbiI6IjEifQ==",
          "dependencies": [
            "module.namespaces.kubernetes_namespace.airbyte",
            "module.namespaces.kubernetes_namespace.airflow",
            "module.namespaces.kubernetes_namespace.minio",
            "module.namespaces.kubernetes_namespace.spark_jobs",
            "module.namespaces.kubernetes_namespace.spark_operator",
            "module.namespaces.kubernetes_namespace.unity_catalog"
          ]
        }
      ]
    },
    {
      "module": "module.airflow",
      "mode": "managed",
      "type": "helm_release",
      "name": "airflow",
      "provider": "provider[\"registry.terraform.io/hashicorp/helm\"]",
      "instances": [
        {
          "status": "tainted",
          "schema_version": 1,
          "attributes": {
            "atomic": false,
            "chart": "airflow",
            "cleanup_on_fail": false,
            "create_namespace": false,
            "dependency_update": false,
            "description": null,
            "devel": null,
            "disable_crd_hooks": false,
            "disable_openapi_validation": false,
            "disable_webhooks": false,
            "force_update": false,
            "id": "airflow",
            "keyring": null,
            "lint": false,
            "manifest": null,
            "max_history": 0,
            "metadata": [
              {
                "app_version": "2.10.5",
                "chart": "airflow",
                "first_deployed": 1772385562,
                "last_deployed": 1772385562,
                "name": "airflow",
                "namespace": "airflow",
                "notes": "CHART NAME: postgresql\nCHART VERSION: 13.2.24\nAPP VERSION: 16.1.0\n\n** Please be patient while the chart is being deployed **\n\nPostgreSQL can be accessed via port 5432 on the following DNS names from within your cluster:\n\n    airflow-postgresql.airflow.svc.cluster.local - Read/Write connection\n\nTo get the password for \"postgres\" run:\n\n    export POSTGRES_PASSWORD=$(kubectl get secret --namespace airflow airflow-postgresql -o jsonpath=\"{.data.postgres-password}\" | base64 -d)\n\nTo connect to your database run the following command:\n\n    kubectl run airflow-postgresql-client --rm --tty -i --restart='Never' --namespace airflow --image docker.io/bitnami/postgresql:16.1.0-debian-11-r15 --env=\"PGPASSWORD=$POSTGRES_PASSWORD\" \\\n      --command -- psql --host airflow-postgresql -U postgres -d postgres -p 5432\n\n    \u003e NOTE: If you access the container using bash, make sure that you execute \"/opt/bitnami/scripts/postgresql/entrypoint.sh /bin/bash\" in order to avoid the error \"psql: local user with ID 1001} does not exist\"\n\nTo connect to your database from outside the cluster execute the following commands:\n\n    kubectl port-forward --namespace airflow svc/airflow-postgresql 5432:5432 \u0026\n    PGPASSWORD=\"$POSTGRES_PASSWORD\" psql --host 127.0.0.1 -U postgres -d postgres -p 5432\n\nWARNING: The configured password will be ignored on new installation in case when previous PostgreSQL release was deleted through the helm command. In that case, old PVC will have an old password, and setting it through helm won't take effect. Deleting persistent volumes (PVs) will solve the issue.\n\n\n\n\nThank you for installing Apache Airflow 2.10.5!\n\nYour release is named airflow.\nYou can now access your dashboard(s) by executing the following command(s) and visiting the corresponding port at localhost in your browser:\n\nAirflow Webserver:     kubectl port-forward svc/airflow-webserver 8080:8080 --namespace airflow\nDefault Webserver (Airflow UI) Login credentials:\n    username: admin\n    password: admin\nDefault Postgres connection credentials:\n    username: postgres\n    password: postgres\n    port: 5432\n\nYou can get Fernet Key value by running the following:\n\n    echo Fernet Key: $(kubectl get secret --namespace airflow airflow-fernet-key -o jsonpath=\"{.data.fernet-key}\" | base64 --decode)\n\n###########################################################\n#  WARNING: You should set a static webserver secret key  #\n###########################################################\n\nYou are using a dynamically generated webserver secret key, which can lead to\nunnecessary restarts of your Airflow components.\n\nInformation on how to set a static webserver secret key can be found here:\nhttps://airflow.apache.org/docs/helm-chart/stable/production-guide.html#webserver-secret-key\n",
                "revision": 1,
                "values": "{\"executor\":\"LocalExecutor\",\"postgresql\":{\"enabled\":true},\"redis\":{\"enabled\":false},\"resources\":{\"scheduler\":{\"requests\":{\"cpu\":\"100m\",\"memory\":\"256Mi\"}},\"webserver\":{\"requests\":{\"cpu\":\"100m\",\"memory\":\"256Mi\"}}},\"triggerer\":{\"enabled\":false},\"webserver\":{\"defaultUser\":{\"enabled\":true,\"password\":\"(sensitive value)\",\"username\":\"admin\"}}}",
                "version": "1.16.0"
              }
            ],
            "name": "airflow",
            "namespace": "airflow",
            "pass_credentials": false,
            "postrender": [],
            "recreate_pods": false,
            "render_subchart_notes": true,
            "replace": false,
            "repository": "https://airflow.apache.org",
            "repository_ca_file": null,
            "repository_cert_file": null,
            "repository_key_file": null,
            "repository_password": null,
            "repository_username": null,
            "reset_values": false,
            "reuse_values": false,
            "set": [],
            "set_list": [],
            "set_sensitive": [
              {
                "name": "webserver.defaultUser.password",
                "type": "",
                "value": "admin"
              }
            ],
            "skip_crds": false,
            "status": "failed",
            "timeout": 600,
            "upgrade_install": null,
            "values": [
              "executor: LocalExecutor\n\nwebserver:\n  defaultUser:\n    enabled: true\n    username: admin\n\npostgresql:\n  enabled: true\n\nredis:\n  enabled: false\n\ntriggerer:\n  enabled: false\n\nresources:\n  webserver:\n    requests:\n      memory: \"256Mi\"\n      cpu: \"100m\"\n  scheduler:\n    requests:\n      memory: \"256Mi\"\n      cpu: \"100m\"\n"
            ],
            "verify": false,
            "version": "1.16.0",
            "wait": true,
            "wait_for_jobs": false
          },
          "sensitive_attributes": [
            [
              {
                "type": "get_attr",
                "value": "repository_password"
              }
            ],
            [
              {
                "type": "get_attr",
                "value": "set_sensitive"
              }
            ]
          ],
          "identity_schema_version": 0,
          "private": "eyJzY2hlbWFfdmVyc2lvbiI6IjEifQ==",
          "dependencies": [
            "module.namespaces.kubernetes_namespace.airbyte",
            "module.namespaces.kubernetes_namespace.airflow",
            "module.namespaces.kubernetes_namespace.minio",
            "module.namespaces.kubernetes_namespace.spark_jobs",
            "module.namespaces.kubernetes_namespace.spark_operator",
            "module.namespaces.kubernetes_namespace.unity_catalog"
          ]
        }
      ]
    },
    {
      "module": "module.minio",
      "mode": "managed",
      "type": "helm_release",
      "name": "minio",
      "provider": "provider[\"registry.terraform.io/hashicorp/helm\"]",
      "instances": [
        {
          "schema_version": 1,
          "attributes": {
            "atomic": false,
            "chart": "minio",
            "cleanup_on_fail": false,
            "create_namespace": false,
            "dependency_update": false,
            "description": null,
            "devel": null,
            "disable_crd_hooks": false,
            "disable_openapi_validation": false,
            "disable_webhooks": false,
            "force_update": false,
            "id": "minio",
            "keyring": null,
            "lint": false,
            "manifest": null,
            "max_history": 0,
            "metadata": [
              {
                "app_version": "RELEASE.2024-12-18T13-15-44Z",
                "chart": "minio",
                "first_deployed": 1772385565,
                "last_deployed": 1772385565,
                "name": "minio",
                "namespace": "minio",
                "notes": "\nMinIO can be accessed via port 9000 on the following DNS name from within your cluster:\nminio.minio.cluster.local\n\nTo access MinIO from localhost, run the below commands:\n\n  1. export POD_NAME=$(kubectl get pods --namespace minio -l \"release=minio\" -o jsonpath=\"{.items[0].metadata.name}\")\n\n  2. kubectl port-forward $POD_NAME 9000 --namespace minio\n\nRead more about port forwarding here: http://kubernetes.io/docs/user-guide/kubectl/kubectl_port-forward/\n\nYou can now access MinIO server on http://localhost:9000. Follow the below steps to connect to MinIO server with mc client:\n\n  1. Download the MinIO mc client - https://min.io/docs/minio/linux/reference/minio-mc.html#quickstart\n\n  2. export MC_HOST_minio-local=http://$(kubectl get secret --namespace minio minio -o jsonpath=\"{.data.rootUser}\" | base64 --decode):$(kubectl get secret --namespace minio minio -o jsonpath=\"{.data.rootPassword}\" | base64 --decode)@localhost:9000\n\n  3. mc ls minio-local\n\n\n",
                "revision": 1,
                "values": "{\"consoleService\":{\"type\":\"ClusterIP\"},\"mode\":\"standalone\",\"persistence\":{\"size\":\"10Gi\"},\"replicas\":1,\"resources\":{\"requests\":{\"memory\":\"256Mi\"}},\"rootPassword\":\"(sensitive value)\",\"rootUser\":\"admin\"}",
                "version": "5.4.0"
              }
            ],
            "name": "minio",
            "namespace": "minio",
            "pass_credentials": false,
            "postrender": [],
            "recreate_pods": false,
            "render_subchart_notes": true,
            "replace": false,
            "repository": "https://charts.min.io/",
            "repository_ca_file": null,
            "repository_cert_file": null,
            "repository_key_file": null,
            "repository_password": null,
            "repository_username": null,
            "reset_values": false,
            "reuse_values": false,
            "set": [
              {
                "name": "consoleService.type",
                "type": "",
                "value": "ClusterIP"
              },
              {
                "name": "mode",
                "type": "",
                "value": "standalone"
              },
              {
                "name": "persistence.size",
                "type": "",
                "value": "10Gi"
              },
              {
                "name": "replicas",
                "type": "",
                "value": "1"
              },
              {
                "name": "resources.requests.memory",
                "type": "",
                "value": "256Mi"
              },
              {
                "name": "rootUser",
                "type": "",
                "value": "admin"
              }
            ],
            "set_list": [],
            "set_sensitive": [
              {
                "name": "rootPassword",
                "type": "",
                "value": "admin123456"
              }
            ],
            "skip_crds": false,
            "status": "deployed",
            "timeout": 300,
            "upgrade_install": null,
            "values": null,
            "verify": false,
            "version": "5.4.0",
            "wait": true,
            "wait_for_jobs": false
          },
          "sensitive_attributes": [
            [
              {
                "type": "get_attr",
                "value": "repository_password"
              }
            ],
            [
              {
                "type": "get_attr",
                "value": "set_sensitive"
              }
            ]
          ],
          "identity_schema_version": 0,
          "private": "eyJzY2hlbWFfdmVyc2lvbiI6IjEifQ==",
          "dependencies": [
            "module.namespaces.kubernetes_namespace.airbyte",
            "module.namespaces.kubernetes_namespace.airflow",
            "module.namespaces.kubernetes_namespace.minio",
            "module.namespaces.kubernetes_namespace.spark_jobs",
            "module.namespaces.kubernetes_namespace.spark_operator",
            "module.namespaces.kubernetes_namespace.unity_catalog"
          ]
        }
      ]
    },
    {
      "module": "module.namespaces",
      "mode": "managed",
      "type": "kubernetes_namespace",
      "name": "airbyte",
      "provider": "provider[\"registry.terraform.io/hashicorp/kubernetes\"]",
      "instances": [
        {
          "schema_version": 0,
          "attributes": {
            "id": "airbyte",
            "metadata": [
              {
                "annotations": null,
                "generate_name": "",
                "generation": 0,
                "labels": null,
                "name": "airbyte",
                "resource_version": "46463",
                "uid": "6dda921c-4226-4063-b40c-3f9e2b174a76"
              }
            ],
            "timeouts": null,
            "wait_for_default_service_account": false
          },
          "sensitive_attributes": [],
          "identity_schema_version": 1,
          "identity": {
            "api_version": "v1",
            "kind": "Namespace",
            "name": "airbyte"
          },
          "private": "eyJlMmJmYjczMC1lY2FhLTExZTYtOGY4OC0zNDM2M2JjN2M0YzAiOnsiZGVsZXRlIjozMDAwMDAwMDAwMDB9fQ=="
        }
      ]
    },
    {
      "module": "module.namespaces",
      "mode": "managed",
      "type": "kubernetes_namespace",
      "name": "airflow",
      "provider": "provider[\"registry.terraform.io/hashicorp/kubernetes\"]",
      "instances": [
        {
          "schema_version": 0,
          "attributes": {
            "id": "airflow",
            "metadata": [
              {
                "annotations": null,
                "generate_name": "",
                "generation": 0,
                "labels": null,
                "name": "airflow",
                "resource_version": "46466",
                "uid": "d928f556-b258-420f-8921-adb16c37a317"
              }
            ],
            "timeouts": null,
            "wait_for_default_service_account": false
          },
          "sensitive_attributes": [],
          "identity_schema_version": 1,
          "identity": {
            "api_version": "v1",
            "kind": "Namespace",
            "name": "airflow"
          },
          "private": "eyJlMmJmYjczMC1lY2FhLTExZTYtOGY4OC0zNDM2M2JjN2M0YzAiOnsiZGVsZXRlIjozMDAwMDAwMDAwMDB9fQ=="
        }
      ]
    },
    {
      "module": "module.namespaces",
      "mode": "managed",
      "type": "kubernetes_namespace",
      "name": "minio",
      "provider": "provider[\"registry.terraform.io/hashicorp/kubernetes\"]",
      "instances": [
        {
          "schema_version": 0,
          "attributes": {
            "id": "minio",
            "metadata": [
              {
                "annotations": null,
                "generate_name": "",
                "generation": 0,
                "labels": null,
                "name": "minio",
                "resource_version": "46464",
                "uid": "8566f4aa-bc9e-4db8-b032-278cd33e3fd8"
              }
            ],
            "timeouts": null,
            "wait_for_default_service_account": false
          },
          "sensitive_attributes": [],
          "identity_schema_version": 1,
          "identity": {
            "api_version": "v1",
            "kind": "Namespace",
            "name": "minio"
          },
          "private": "eyJlMmJmYjczMC1lY2FhLTExZTYtOGY4OC0zNDM2M2JjN2M0YzAiOnsiZGVsZXRlIjozMDAwMDAwMDAwMDB9fQ=="
        }
      ]
    },
    {
      "module": "module.namespaces",
      "mode": "managed",
      "type": "kubernetes_namespace",
      "name": "spark_jobs",
      "provider": "provider[\"registry.terraform.io/hashicorp/kubernetes\"]",
      "instances": [
        {
          "schema_version": 0,
          "attributes": {
            "id": "spark-jobs",
            "metadata": [
              {
                "annotations": null,
                "generate_name": "",
                "generation": 0,
                "labels": null,
                "name": "spark-jobs",
                "resource_version": "46467",
                "uid": "e0e0a92f-50cc-4406-a425-061e53cf08d1"
              }
            ],
            "timeouts": null,
            "wait_for_default_service_account": false
          },
          "sensitive_attributes": [],
          "identity_schema_version": 1,
          "identity": {
            "api_version": "v1",
            "kind": "Namespace",
            "name": "spark-jobs"
          },
          "private": "eyJlMmJmYjczMC1lY2FhLTExZTYtOGY4OC0zNDM2M2JjN2M0YzAiOnsiZGVsZXRlIjozMDAwMDAwMDAwMDB9fQ=="
        }
      ]
    },
    {
      "module": "module.namespaces",
      "mode": "managed",
      "type": "kubernetes_namespace",
      "name": "spark_operator",
      "provider": "provider[\"registry.terraform.io/hashicorp/kubernetes\"]",
      "instances": [
        {
          "schema_version": 0,
          "attributes": {
            "id": "spark-operator",
            "metadata": [
              {
                "annotations": null,
                "generate_name": "",
                "generation": 0,
                "labels": null,
                "name": "spark-operator",
                "resource_version": "46468",
                "uid": "1f9ee507-9caa-4fe6-b30c-30213bb06b86"
              }
            ],
            "timeouts": null,
            "wait_for_default_service_account": false
          },
          "sensitive_attributes": [],
          "identity_schema_version": 1,
          "identity": {
            "api_version": "v1",
            "kind": "Namespace",
            "name": "spark-operator"
          },
          "private": "eyJlMmJmYjczMC1lY2FhLTExZTYtOGY4OC0zNDM2M2JjN2M0YzAiOnsiZGVsZXRlIjozMDAwMDAwMDAwMDB9fQ=="
        }
      ]
    },
    {
      "module": "module.namespaces",
      "mode": "managed",
      "type": "kubernetes_namespace",
      "name": "unity_catalog",
      "provider": "provider[\"registry.terraform.io/hashicorp/kubernetes\"]",
      "instances": [
        {
          "schema_version": 0,
          "attributes": {
            "id": "unity-catalog",
            "metadata": [
              {
                "annotations": null,
                "generate_name": "",
                "generation": 0,
                "labels": null,
                "name": "unity-catalog",
                "resource_version": "46465",
                "uid": "cbd7ecb6-cb12-4115-9a17-2f6f6293e2dd"
              }
            ],
            "timeouts": null,
            "wait_for_default_service_account": false
          },
          "sensitive_attributes": [],
          "identity_schema_version": 1,
          "identity": {
            "api_version": "v1",
            "kind": "Namespace",
            "name": "unity-catalog"
          },
          "private": "eyJlMmJmYjczMC1lY2FhLTExZTYtOGY4OC0zNDM2M2JjN2M0YzAiOnsiZGVsZXRlIjozMDAwMDAwMDAwMDB9fQ=="
        }
      ]
    },
    {
      "module": "module.spark_operator",
      "mode": "managed",
      "type": "helm_release",
      "name": "spark_operator",
      "provider": "provider[\"registry.terraform.io/hashicorp/helm\"]",
      "instances": [
        {
          "schema_version": 1,
          "attributes": {
            "atomic": false,
            "chart": "spark-operator",
            "cleanup_on_fail": false,
            "create_namespace": false,
            "dependency_update": false,
            "description": null,
            "devel": null,
            "disable_crd_hooks": false,
            "disable_openapi_validation": false,
            "disable_webhooks": false,
            "force_update": false,
            "id": "spark-operator",
            "keyring": null,
            "lint": false,
            "manifest": null,
            "max_history": 0,
            "metadata": [
              {
                "app_version": "2.1.0",
                "chart": "spark-operator",
                "first_deployed": 1772385563,
                "last_deployed": 1772385563,
                "name": "spark-operator",
                "namespace": "spark-operator",
                "notes": "",
                "revision": 1,
                "values": "{\"spark\":{\"jobNamespaces\":[\"spark-jobs\"]}}",
                "version": "2.1.0"
              }
            ],
            "name": "spark-operator",
            "namespace": "spark-operator",
            "pass_credentials": false,
            "postrender": [],
            "recreate_pods": false,
            "render_subchart_notes": true,
            "replace": false,
            "repository": "https://kubeflow.github.io/spark-operator",
            "repository_ca_file": null,
            "repository_cert_file": null,
            "repository_key_file": null,
            "repository_password": null,
            "repository_username": null,
            "reset_values": false,
            "reuse_values": false,
            "set": [
              {
                "name": "spark.jobNamespaces[0]",
                "type": "",
                "value": "spark-jobs"
              }
            ],
            "set_list": [],
            "set_sensitive": [],
            "skip_crds": false,
            "status": "deployed",
            "timeout": 300,
            "upgrade_install": null,
            "values": null,
            "verify": false,
            "version": "2.1.0",
            "wait": true,
            "wait_for_jobs": false
          },
          "sensitive_attributes": [
            [
              {
                "type": "get_attr",
                "value": "repository_password"
              }
            ]
          ],
          "identity_schema_version": 0,
          "private": "eyJzY2hlbWFfdmVyc2lvbiI6IjEifQ==",
          "dependencies": [
            "module.namespaces.kubernetes_namespace.airbyte",
            "module.namespaces.kubernetes_namespace.airflow",
            "module.namespaces.kubernetes_namespace.minio",
            "module.namespaces.kubernetes_namespace.spark_jobs",
            "module.namespaces.kubernetes_namespace.spark_operator",
            "module.namespaces.kubernetes_namespace.unity_catalog"
          ]
        }
      ]
    },
    {
      "module": "module.spark_operator",
      "mode": "managed",
      "type": "kubernetes_role",
      "name": "spark",
      "provider": "provider[\"registry.terraform.io/hashicorp/kubernetes\"]",
      "instances": [
        {
          "schema_version": 0,
          "attributes": {
            "id": "spark-jobs/spark-role",
            "metadata": [
              {
                "annotations": null,
                "generate_name": "",
                "generation": 0,
                "labels": null,
                "name": "spark-role",
                "namespace": "spark-jobs",
                "resource_version": "46482",
                "uid": "fcb66288-a1fa-4522-a04b-65aa4802e361"
              }
            ],
            "rule": [
              {
                "api_groups": [
                  ""
                ],
                "resource_names": null,
                "resources": [
                  "configmaps",
                  "persistentvolumeclaims",
                  "pods",
                  "services"
                ],
                "verbs": [
                  "create",
                  "delete",
                  "get",
                  "list",
                  "patch",
                  "watch"
                ]
              }
            ]
          },
          "sensitive_attributes": [],
          "identity_schema_version": 1,
          "identity": {
            "api_version": "rbac.authorization.k8s.io/v1",
            "kind": "Role",
            "name": "spark-role",
            "namespace": "spark-jobs"
          },
          "private": "bnVsbA==",
          "dependencies": [
            "module.namespaces.kubernetes_namespace.airbyte",
            "module.namespaces.kubernetes_namespace.airflow",
            "module.namespaces.kubernetes_namespace.minio",
            "module.namespaces.kubernetes_namespace.spark_jobs",
            "module.namespaces.kubernetes_namespace.spark_operator",
            "module.namespaces.kubernetes_namespace.unity_catalog"
          ]
        }
      ]
    },
    {
      "module": "module.spark_operator",
      "mode": "managed",
      "type": "kubernetes_role_binding",
      "name": "spark",
      "provider": "provider[\"registry.terraform.io/hashicorp/kubernetes\"]",
      "instances": [
        {
          "schema_version": 0,
          "attributes": {
            "id": "spark-jobs/spark-role-binding",
            "metadata": [
              {
                "annotations": null,
                "generate_name": "",
                "generation": 0,
                "labels": null,
                "name": "spark-role-binding",
                "namespace": "spark-jobs",
                "resource_version": "46488",
                "uid": "d006126b-59ae-45c0-a69f-46dbacef238f"
              }
            ],
            "role_ref": [
              {
                "api_group": "rbac.authorization.k8s.io",
                "kind": "Role",
                "name": "spark-role"
              }
            ],
            "subject": [
              {
                "api_group": "",
                "kind": "ServiceAccount",
                "name": "spark",
                "namespace": "spark-jobs"
              }
            ]
          },
          "sensitive_attributes": [],
          "identity_schema_version": 1,
          "identity": {
            "api_version": "rbac.authorization.k8s.io/v1",
            "kind": "RoleBinding",
            "name": "spark-role-binding",
            "namespace": "spark-jobs"
          },
          "private": "bnVsbA==",
          "dependencies": [
            "module.namespaces.kubernetes_namespace.airbyte",
            "module.namespaces.kubernetes_namespace.airflow",
            "module.namespaces.kubernetes_namespace.minio",
            "module.namespaces.kubernetes_namespace.spark_jobs",
            "module.namespaces.kubernetes_namespace.spark_operator",
            "module.namespaces.kubernetes_namespace.unity_catalog",
            "module.spark_operator.kubernetes_role.spark",
            "module.spark_operator.kubernetes_service_account.spark"
          ]
        }
      ]
    },
    {
      "module": "module.spark_operator",
      "mode": "managed",
      "type": "kubernetes_service_account",
      "name": "spark",
      "provider": "provider[\"registry.terraform.io/hashicorp/kubernetes\"]",
      "instances": [
        {
          "schema_version": 0,
          "attributes": {
            "automount_service_account_token": true,
            "default_secret_name": "",
            "id": "spark-jobs/spark",
            "image_pull_secret": [],
            "metadata": [
              {
                "annotations": null,
                "generate_name": "",
                "generation": 0,
                "labels": null,
                "name": "spark",
                "namespace": "spark-jobs",
                "resource_version": "46481",
                "uid": "be0d7ce2-6d52-413a-bf9b-13d52b1f4ce4"
              }
            ],
            "secret": [],
            "timeouts": null
          },
          "sensitive_attributes": [],
          "identity_schema_version": 1,
          "identity": {
            "api_version": "v1",
            "kind": "ServiceAccount",
            "name": "spark",
            "namespace": "spark-jobs"
          },
          "private": "eyJlMmJmYjczMC1lY2FhLTExZTYtOGY4OC0zNDM2M2JjN2M0YzAiOnsiY3JlYXRlIjozMDAwMDAwMDAwMH19",
          "dependencies": [
            "module.namespaces.kubernetes_namespace.airbyte",
            "module.namespaces.kubernetes_namespace.airflow",
            "module.namespaces.kubernetes_namespace.minio",
            "module.namespaces.kubernetes_namespace.spark_jobs",
            "module.namespaces.kubernetes_namespace.spark_operator",
            "module.namespaces.kubernetes_namespace.unity_catalog"
          ]
        }
      ]
    },
    {
      "module": "module.unity_catalog",
      "mode": "managed",
      "type": "kubernetes_deployment",
      "name": "unity_catalog",
      "provider": "provider[\"registry.terraform.io/hashicorp/kubernetes\"]",
      "instances": [
        {
          "status": "tainted",
          "schema_version": 1,
          "attributes": {
            "id": "unity-catalog/unity-catalog",
            "metadata": [
              {
                "annotations": null,
                "generate_name": "",
                "generation": 0,
                "labels": null,
                "name": "unity-catalog",
                "namespace": "unity-catalog",
                "resource_version": "",
                "uid": ""
              }
            ],
            "spec": [
              {
                "min_ready_seconds": 0,
                "paused": false,
                "progress_deadline_seconds": 600,
                "replicas": "1",
                "revision_history_limit": 10,
                "selector": [
                  {
                    "match_expressions": [],
                    "match_labels": {
                      "app": "unity-catalog"
                    }
                  }
                ],
                "strategy": [],
                "template": [
                  {
                    "metadata": [
                      {
                        "annotations": null,
                        "generate_name": "",
                        "generation": 0,
                        "labels": {
                          "app": "unity-catalog"
                        },
                        "name": "",
                        "namespace": "",
                        "resource_version": "",
                        "uid": ""
                      }
                    ],
                    "spec": [
                      {
                        "active_deadline_seconds": 0,
                        "affinity": [],
                        "automount_service_account_token": true,
                        "container": [
                          {
                            "args": null,
                            "command": null,
                            "env": [],
                            "env_from": [],
                            "image": "unitycatalog/unitycatalog:0.2.1",
                            "image_pull_policy": "",
                            "lifecycle": [],
                            "liveness_probe": [],
                            "name": "unity-catalog",
                            "port": [
                              {
                                "container_port": 8080,
                                "host_ip": "",
                                "host_port": 0,
                                "name": "",
                                "protocol": "TCP"
                              }
                            ],
                            "readiness_probe": [],
                            "resources": [
                              {
                                "limits": {},
                                "requests": {
                                  "cpu": "100m",
                                  "memory": "256Mi"
                                }
                              }
                            ],
                            "security_context": [],
                            "startup_probe": [],
                            "stdin": false,
                            "stdin_once": false,
                            "termination_message_path": "/dev/termination-log",
                            "termination_message_policy": "",
                            "tty": false,
                            "volume_device": [],
                            "volume_mount": [],
                            "working_dir": ""
                          }
                        ],
                        "dns_config": [],
                        "dns_policy": "ClusterFirst",
                        "enable_service_links": true,
                        "host_aliases": [],
                        "host_ipc": false,
                        "host_network": false,
                        "host_pid": false,
                        "hostname": "",
                        "image_pull_secrets": [],
                        "init_container": [],
                        "node_name": "",
                        "node_selector": null,
                        "os": [],
                        "priority_class_name": "",
                        "readiness_gate": [],
                        "restart_policy": "Always",
                        "runtime_class_name": "",
                        "scheduler_name": "",
                        "security_context": [],
                        "service_account_name": "",
                        "share_process_namespace": false,
                        "subdomain": "",
                        "termination_grace_period_seconds": 30,
                        "toleration": [],
                        "topology_spread_constraint": [],
                        "volume": []
                      }
                    ]
                  }
                ]
              }
            ],
            "timeouts": null,
            "wait_for_rollout": true
          },
          "sensitive_attributes": [],
          "identity_schema_version": 1,
          "identity": {
            "api_version": null,
            "kind": null,
            "name": null,
            "namespace": null
          },
          "private": "eyJlMmJmYjczMC1lY2FhLTExZTYtOGY4OC0zNDM2M2JjN2M0YzAiOnsiY3JlYXRlIjo2MDAwMDAwMDAwMDAsImRlbGV0ZSI6NjAwMDAwMDAwMDAwLCJ1cGRhdGUiOjYwMDAwMDAwMDAwMH0sInNjaGVtYV92ZXJzaW9uIjoiMSJ9",
          "dependencies": [
            "module.namespaces.kubernetes_namespace.airbyte",
            "module.namespaces.kubernetes_namespace.airflow",
            "module.namespaces.kubernetes_namespace.minio",
            "module.namespaces.kubernetes_namespace.spark_jobs",
            "module.namespaces.kubernetes_namespace.spark_operator",
            "module.namespaces.kubernetes_namespace.unity_catalog"
          ]
        }
      ]
    },
    {
      "module": "module.unity_catalog",
      "mode": "managed",
      "type": "kubernetes_service",
      "name": "unity_catalog",
      "provider": "provider[\"registry.terraform.io/hashicorp/kubernetes\"]",
      "instances": [
        {
          "schema_version": 1,
          "attributes": {
            "id": "unity-catalog/unity-catalog",
            "metadata": [
              {
                "annotations": null,
                "generate_name": "",
                "generation": 0,
                "labels": null,
                "name": "unity-catalog",
                "namespace": "unity-catalog",
                "resource_version": "46484",
                "uid": "ce839636-c7b0-4b92-92ca-b6d0ea300a2e"
              }
            ],
            "spec": [
              {
                "allocate_load_balancer_node_ports": true,
                "cluster_ip": "10.96.12.153",
                "cluster_ips": [
                  "10.96.12.153"
                ],
                "external_ips": null,
                "external_name": "",
                "external_traffic_policy": "",
                "health_check_node_port": 0,
                "internal_traffic_policy": "Cluster",
                "ip_families": [
                  "IPv4"
                ],
                "ip_family_policy": "SingleStack",
                "load_balancer_class": "",
                "load_balancer_ip": "",
                "load_balancer_source_ranges": null,
                "port": [
                  {
                    "app_protocol": "",
                    "name": "",
                    "node_port": 0,
                    "port": 8080,
                    "protocol": "TCP",
                    "target_port": "8080"
                  }
                ],
                "publish_not_ready_addresses": false,
                "selector": {
                  "app": "unity-catalog"
                },
                "session_affinity": "None",
                "session_affinity_config": [],
                "type": "ClusterIP"
              }
            ],
            "status": [
              {
                "load_balancer": [
                  {
                    "ingress": []
                  }
                ]
              }
            ],
            "timeouts": null,
            "wait_for_load_balancer": true
          },
          "sensitive_attributes": [],
          "identity_schema_version": 1,
          "identity": {
            "api_version": "v1",
            "kind": "Service",
            "name": "unity-catalog",
            "namespace": "unity-catalog"
          },
          "private": "eyJlMmJmYjczMC1lY2FhLTExZTYtOGY4OC0zNDM2M2JjN2M0YzAiOnsiY3JlYXRlIjo2MDAwMDAwMDAwMDB9LCJzY2hlbWFfdmVyc2lvbiI6IjEifQ==",
          "dependencies": [
            "module.namespaces.kubernetes_namespace.airbyte",
            "module.namespaces.kubernetes_namespace.airflow",
            "module.namespaces.kubernetes_namespace.minio",
            "module.namespaces.kubernetes_namespace.spark_jobs",
            "module.namespaces.kubernetes_namespace.spark_operator",
            "module.namespaces.kubernetes_namespace.unity_catalog"
          ]
        }
      ]
    }
  ],
  "check_results": null
}
